
Microsoft Visual Studio Solution File, Format Version 12.00
# Visual Studio Version 17
VisualStudioVersion = 17.11.35312.102
MinimumVisualStudioVersion = 10.0.40219.1
Project("{9A19103F-16F7-4668-BE54-9A1E7A4F7556}") = "HotelProject.Models", "HotelProject.Models\HotelProject.Models\HotelProject.Models.csproj", "{3593AEC4-0192-4465-9FA5-FCBC71B2CD62}"
EndProject
Project("{9A19103F-16F7-4668-BE54-9A1E7A4F7556}") = "HotelProjectAPI", "HotelProjectAPI\HotelProjectAPI.csproj", "{6401BD90-377E-4056-A3A3-91580CDD758D}"
EndProject
Global
	GlobalSection(SolutionConfigurationPlatforms) = preSolution
		Debug|Any CPU = Debug|Any CPU
		Release|Any CPU = Release|Any CPU
	EndGlobalSection
	GlobalSection(ProjectConfigurationPlatforms) = postSolution
		{3593AEC4-0192-4465-9FA5-FCBC71B2CD62}.Debug|Any CPU.ActiveCfg = Debug|Any CPU
		{3593AEC4-0192-4465-9FA5-FCBC71B2CD62}.Debug|Any CPU.Build.0 = Debug|Any CPU
		{3593AEC4-0192-4465-9FA5-FCBC71B2CD62}.Release|Any CPU.ActiveCfg = Release|Any CPU
		{3593AEC4-0192-4465-9FA5-FCBC71B2CD62}.Release|Any CPU.Build.0 = Release|Any CPU
		{6401BD90-377E-4056-A3A3-91580CDD758D}.Debug|Any CPU.ActiveCfg = Debug|Any CPU
		{6401BD90-377E-4056-A3A3-91580CDD758D}.Debug|Any CPU.Build.0 = Debug|Any CPU
		{6401BD90-377E-4056-A3A3-91580CDD758D}.Release|Any CPU.ActiveCfg = Release|Any CPU
		{6401BD90-377E-4056-A3A3-91580CDD758D}.Release|Any CPU.Build.0 = Release|Any CPU
	EndGlobalSection
	GlobalSection(SolutionProperties) = preSolution
		HideSolutionNode = FALSE
	EndGlobalSection
	GlobalSection(ExtensibilityGlobals) = postSolution
		SolutionGuid = {BC829890-E046-401C-9608-9BBC6873A59D}
	EndGlobalSection
EndGlobal
